
Microsoft Visual Studio Solution File, Format Version 12.00
# Visual Studio Version 16
VisualStudioVersion = 16.0.29613.14
MinimumVisualStudioVersion = 10.0.40219.1
Project("{FAE04EC0-301F-11D3-BF4B-00C04F79EFBC}") = "WorkLoops", "WorkLoops.csproj", "{6FA7270B-3A08-4D69-888A-57C0F2FB585D}"
EndProject
Global
	GlobalSection(SolutionConfigurationPlatforms) = preSolution
		Debug|Any CPU = Debug|Any CPU
		Release|Any CPU = Release|Any CPU
	EndGlobalSection
	GlobalSection(ProjectConfigurationPlatforms) = postSolution
		{6FA7270B-3A08-4D69-888A-57C0F2FB585D}.Debug|Any CPU.ActiveCfg = Debug|Any CPU
		{6FA7270B-3A08-4D69-888A-57C0F2FB585D}.Debug|Any CPU.Build.0 = Debug|Any CPU
		{6FA7270B-3A08-4D69-888A-57C0F2FB585D}.Release|Any CPU.ActiveCfg = Release|Any CPU
		{6FA7270B-3A08-4D69-888A-57C0F2FB585D}.Release|Any CPU.Build.0 = Release|Any CPU
	EndGlobalSection
	GlobalSection(SolutionProperties) = preSolution
		HideSolutionNode = FALSE
	EndGlobalSection
	GlobalSection(ExtensibilityGlobals) = postSolution
		SolutionGuid = {3C6A90F2-C2F6-46DF-8E24-EBA8E5584566}
	EndGlobalSection
EndGlobal
